
Microsoft Visual Studio Solution File, Format Version 12.00
# Visual Studio Version 17
VisualStudioVersion = 17.3.32819.101
MinimumVisualStudioVersion = 10.0.40219.1
Project("{9A19103F-16F7-4668-BE54-9A1E7A4F7556}") = "Anagram", "Anagram.csproj", "{9650A3D9-E89B-499A-8D58-4C5AF94646BD}"
EndProject
Project("{FAE04EC0-301F-11D3-BF4B-00C04F79EFBC}") = "Anagram.UnitTests", "..\Anagram.UnitTests\Anagram.UnitTests.csproj", "{FD765164-0BD3-4846-B111-5D72F4CDE4B4}"
EndProject
Global
	GlobalSection(SolutionConfigurationPlatforms) = preSolution
		Debug|Any CPU = Debug|Any CPU
		Release|Any CPU = Release|Any CPU
	EndGlobalSection
	GlobalSection(ProjectConfigurationPlatforms) = postSolution
		{9650A3D9-E89B-499A-8D58-4C5AF94646BD}.Debug|Any CPU.ActiveCfg = Debug|Any CPU
		{9650A3D9-E89B-499A-8D58-4C5AF94646BD}.Debug|Any CPU.Build.0 = Debug|Any CPU
		{9650A3D9-E89B-499A-8D58-4C5AF94646BD}.Release|Any CPU.ActiveCfg = Release|Any CPU
		{9650A3D9-E89B-499A-8D58-4C5AF94646BD}.Release|Any CPU.Build.0 = Release|Any CPU
		{FD765164-0BD3-4846-B111-5D72F4CDE4B4}.Debug|Any CPU.ActiveCfg = Debug|Any CPU
		{FD765164-0BD3-4846-B111-5D72F4CDE4B4}.Debug|Any CPU.Build.0 = Debug|Any CPU
		{FD765164-0BD3-4846-B111-5D72F4CDE4B4}.Release|Any CPU.ActiveCfg = Release|Any CPU
		{FD765164-0BD3-4846-B111-5D72F4CDE4B4}.Release|Any CPU.Build.0 = Release|Any CPU
	EndGlobalSection
	GlobalSection(SolutionProperties) = preSolution
		HideSolutionNode = FALSE
	EndGlobalSection
	GlobalSection(ExtensibilityGlobals) = postSolution
		SolutionGuid = {3B55E850-FCF4-45FA-BA70-2A8382A71CDA}
	EndGlobalSection
EndGlobal
